// !$*UTF8*$!
{
	archiveVersion = 1;
	classes = {
	};
	objectVersion = 52;
	objects = {

/* Begin PBXBuildFile section */
		A0021EDB271097F0008F5886 /* JGProgressHUD in Frameworks */ = {isa = PBXBuildFile; productRef = A0021EDA271097F0008F5886 /* JGProgressHUD */; };
		A034D12C26FDF2AE00A8E884 /* Lottie in Frameworks */ = {isa = PBXBuildFile; productRef = A034D12B26FDF2AE00A8E884 /* Lottie */; };
		A040E1AD2709FCA900A409DB /* DatabaseModel.swift in Sources */ = {isa = PBXBuildFile; fileRef = A040E1AC2709FCA900A409DB /* DatabaseModel.swift */; };
		A04B2DFF27075A6A00C47874 /* GoogleService-Info.plist in Resources */ = {isa = PBXBuildFile; fileRef = A04B2DFE27075A6A00C47874 /* GoogleService-Info.plist */; };
		A04D43852711E6B60022E961 /* SignViewController.swift in Sources */ = {isa = PBXBuildFile; fileRef = A04D43842711E6B60022E961 /* SignViewController.swift */; };
		A04D43882711E9570022E961 /* FirebaseAuth in Frameworks */ = {isa = PBXBuildFile; productRef = A04D43872711E9570022E961 /* FirebaseAuth */; };
		A04D438A2711E9570022E961 /* FirebaseDatabase in Frameworks */ = {isa = PBXBuildFile; productRef = A04D43892711E9570022E961 /* FirebaseDatabase */; };
		A04D438C2711E9570022E961 /* FirebaseAnalytics in Frameworks */ = {isa = PBXBuildFile; productRef = A04D438B2711E9570022E961 /* FirebaseAnalytics */; };
		A04D438E2711EAE60022E961 /* LogViewController.swift in Sources */ = {isa = PBXBuildFile; fileRef = A04D438D2711EAE60022E961 /* LogViewController.swift */; };
		A053DCDA26FE4A2200E434E6 /* tea.json in Resources */ = {isa = PBXBuildFile; fileRef = A053DCD926FE4A2200E434E6 /* tea.json */; };
		A053DCDC26FE4A2C00E434E6 /* order.json in Resources */ = {isa = PBXBuildFile; fileRef = A053DCDB26FE4A2C00E434E6 /* order.json */; };
		A0588B2926FB80D000EC214D /* AppDelegate.swift in Sources */ = {isa = PBXBuildFile; fileRef = A0588B2826FB80D000EC214D /* AppDelegate.swift */; };
		A0588B2B26FB80D000EC214D /* SceneDelegate.swift in Sources */ = {isa = PBXBuildFile; fileRef = A0588B2A26FB80D000EC214D /* SceneDelegate.swift */; };
		A0588B2D26FB80D000EC214D /* MainViewController.swift in Sources */ = {isa = PBXBuildFile; fileRef = A0588B2C26FB80D000EC214D /* MainViewController.swift */; };
		A0588B3026FB80D000EC214D /* Main.storyboard in Resources */ = {isa = PBXBuildFile; fileRef = A0588B2E26FB80D000EC214D /* Main.storyboard */; };
		A0588B3226FB80D100EC214D /* Assets.xcassets in Resources */ = {isa = PBXBuildFile; fileRef = A0588B3126FB80D100EC214D /* Assets.xcassets */; };
		A0588B3526FB80D100EC214D /* LaunchScreen.storyboard in Resources */ = {isa = PBXBuildFile; fileRef = A0588B3326FB80D100EC214D /* LaunchScreen.storyboard */; };
		A0588B4026FB80D100EC214D /* BeveragesTests.swift in Sources */ = {isa = PBXBuildFile; fileRef = A0588B3F26FB80D100EC214D /* BeveragesTests.swift */; };
		A0588B4B26FB80D100EC214D /* BeveragesUITests.swift in Sources */ = {isa = PBXBuildFile; fileRef = A0588B4A26FB80D100EC214D /* BeveragesUITests.swift */; };
		A0588B5C26FB84AB00EC214D /* MenuViewController.swift in Sources */ = {isa = PBXBuildFile; fileRef = A0588B5B26FB84AB00EC214D /* MenuViewController.swift */; };
		A09F3D9C27036A660071D2DD /* OrderViewController.swift in Sources */ = {isa = PBXBuildFile; fileRef = A09F3D9B27036A660071D2DD /* OrderViewController.swift */; };
		A09F3D9E27036B230071D2DD /* Coffe.json in Resources */ = {isa = PBXBuildFile; fileRef = A09F3D9D27036B220071D2DD /* Coffe.json */; };
/* End PBXBuildFile section */

/* Begin PBXContainerItemProxy section */
		A0588B3C26FB80D100EC214D /* PBXContainerItemProxy */ = {
			isa = PBXContainerItemProxy;
			containerPortal = A0588B1D26FB80D000EC214D /* Project object */;
			proxyType = 1;
			remoteGlobalIDString = A0588B2426FB80D000EC214D;
			remoteInfo = Beverages;
		};
		A0588B4726FB80D100EC214D /* PBXContainerItemProxy */ = {
			isa = PBXContainerItemProxy;
			containerPortal = A0588B1D26FB80D000EC214D /* Project object */;
			proxyType = 1;
			remoteGlobalIDString = A0588B2426FB80D000EC214D;
			remoteInfo = Beverages;
		};
/* End PBXContainerItemProxy section */

/* Begin PBXFileReference section */
		A040E1AC2709FCA900A409DB /* DatabaseModel.swift */ = {isa = PBXFileReference; lastKnownFileType = sourcecode.swift; path = DatabaseModel.swift; sourceTree = "<group>"; };
		A04B2DFE27075A6A00C47874 /* GoogleService-Info.plist */ = {isa = PBXFileReference; fileEncoding = 4; lastKnownFileType = text.plist.xml; path = "GoogleService-Info.plist"; sourceTree = "<group>"; };
		A04D43842711E6B60022E961 /* SignViewController.swift */ = {isa = PBXFileReference; lastKnownFileType = sourcecode.swift; path = SignViewController.swift; sourceTree = "<group>"; };
		A04D438D2711EAE60022E961 /* LogViewController.swift */ = {isa = PBXFileReference; lastKnownFileType = sourcecode.swift; path = LogViewController.swift; sourceTree = "<group>"; };
		A053DCD926FE4A2200E434E6 /* tea.json */ = {isa = PBXFileReference; fileEncoding = 4; lastKnownFileType = text.json; path = tea.json; sourceTree = "<group>"; };
		A053DCDB26FE4A2C00E434E6 /* order.json */ = {isa = PBXFileReference; fileEncoding = 4; lastKnownFileType = text.json; path = order.json; sourceTree = "<group>"; };
		A0588B2526FB80D000EC214D /* Beverages.app */ = {isa = PBXFileReference; explicitFileType = wrapper.application; includeInIndex = 0; path = Beverages.app; sourceTree = BUILT_PRODUCTS_DIR; };
		A0588B2826FB80D000EC214D /* AppDelegate.swift */ = {isa = PBXFileReference; lastKnownFileType = sourcecode.swift; path = AppDelegate.swift; sourceTree = "<group>"; };
		A0588B2A26FB80D000EC214D /* SceneDelegate.swift */ = {isa = PBXFileReference; lastKnownFileType = sourcecode.swift; path = SceneDelegate.swift; sourceTree = "<group>"; };
		A0588B2C26FB80D000EC214D /* MainViewController.swift */ = {isa = PBXFileReference; lastKnownFileType = sourcecode.swift; path = MainViewController.swift; sourceTree = "<group>"; };
		A0588B2F26FB80D000EC214D /* Base */ = {isa = PBXFileReference; lastKnownFileType = file.storyboard; name = Base; path = Base.lproj/Main.storyboard; sourceTree = "<group>"; };
		A0588B3126FB80D100EC214D /* Assets.xcassets */ = {isa = PBXFileReference; lastKnownFileType = folder.assetcatalog; path = Assets.xcassets; sourceTree = "<group>"; };
		A0588B3426FB80D100EC214D /* Base */ = {isa = PBXFileReference; lastKnownFileType = file.storyboard; name = Base; path = Base.lproj/LaunchScreen.storyboard; sourceTree = "<group>"; };
		A0588B3626FB80D100EC214D /* Info.plist */ = {isa = PBXFileReference; lastKnownFileType = text.plist.xml; path = Info.plist; sourceTree = "<group>"; };
		A0588B3B26FB80D100EC214D /* BeveragesTests.xctest */ = {isa = PBXFileReference; explicitFileType = wrapper.cfbundle; includeInIndex = 0; path = BeveragesTests.xctest; sourceTree = BUILT_PRODUCTS_DIR; };
		A0588B3F26FB80D100EC214D /* BeveragesTests.swift */ = {isa = PBXFileReference; lastKnownFileType = sourcecode.swift; path = BeveragesTests.swift; sourceTree = "<group>"; };
		A0588B4126FB80D100EC214D /* Info.plist */ = {isa = PBXFileReference; lastKnownFileType = text.plist.xml; path = Info.plist; sourceTree = "<group>"; };
		A0588B4626FB80D100EC214D /* BeveragesUITests.xctest */ = {isa = PBXFileReference; explicitFileType = wrapper.cfbundle; includeInIndex = 0; path = BeveragesUITests.xctest; sourceTree = BUILT_PRODUCTS_DIR; };
		A0588B4A26FB80D100EC214D /* BeveragesUITests.swift */ = {isa = PBXFileReference; lastKnownFileType = sourcecode.swift; path = BeveragesUITests.swift; sourceTree = "<group>"; };
		A0588B4C26FB80D100EC214D /* Info.plist */ = {isa = PBXFileReference; lastKnownFileType = text.plist.xml; path = Info.plist; sourceTree = "<group>"; };
		A0588B5B26FB84AB00EC214D /* MenuViewController.swift */ = {isa = PBXFileReference; lastKnownFileType = sourcecode.swift; path = MenuViewController.swift; sourceTree = "<group>"; };
		A09F3D9B27036A660071D2DD /* OrderViewController.swift */ = {isa = PBXFileReference; lastKnownFileType = sourcecode.swift; path = OrderViewController.swift; sourceTree = "<group>"; };
		A09F3D9D27036B220071D2DD /* Coffe.json */ = {isa = PBXFileReference; fileEncoding = 4; lastKnownFileType = text.json; path = Coffe.json; sourceTree = "<group>"; };
/* End PBXFileReference section */

/* Begin PBXFrameworksBuildPhase section */
		A0588B2226FB80D000EC214D /* Frameworks */ = {
			isa = PBXFrameworksBuildPhase;
			buildActionMask = 2147483647;
			files = (
				A0021EDB271097F0008F5886 /* JGProgressHUD in Frameworks */,
				A04D43882711E9570022E961 /* FirebaseAuth in Frameworks */,
				A04D438A2711E9570022E961 /* FirebaseDatabase in Frameworks */,
				A04D438C2711E9570022E961 /* FirebaseAnalytics in Frameworks */,
				A034D12C26FDF2AE00A8E884 /* Lottie in Frameworks */,
			);
			runOnlyForDeploymentPostprocessing = 0;
		};
		A0588B3826FB80D100EC214D /* Frameworks */ = {
			isa = PBXFrameworksBuildPhase;
			buildActionMask = 2147483647;
			files = (
			);
			runOnlyForDeploymentPostprocessing = 0;
		};
		A0588B4326FB80D100EC214D /* Frameworks */ = {
			isa = PBXFrameworksBuildPhase;
			buildActionMask = 2147483647;
			files = (
			);
			runOnlyForDeploymentPostprocessing = 0;
		};
/* End PBXFrameworksBuildPhase section */

/* Begin PBXGroup section */
		A040E1AB2709FC8E00A409DB /* Database */ = {
			isa = PBXGroup;
			children = (
				A040E1AC2709FCA900A409DB /* DatabaseModel.swift */,
			);
			path = Database;
			sourceTree = "<group>";
		};
		A0588B1C26FB80D000EC214D = {
			isa = PBXGroup;
			children = (
				A0588B2726FB80D000EC214D /* Beverages */,
				A0588B3E26FB80D100EC214D /* BeveragesTests */,
				A0588B4926FB80D100EC214D /* BeveragesUITests */,
				A0588B2626FB80D000EC214D /* Products */,
				A0F0A01D270FF8A500A270D7 /* Frameworks */,
			);
			sourceTree = "<group>";
		};
		A0588B2626FB80D000EC214D /* Products */ = {
			isa = PBXGroup;
			children = (
				A0588B2526FB80D000EC214D /* Beverages.app */,
				A0588B3B26FB80D100EC214D /* BeveragesTests.xctest */,
				A0588B4626FB80D100EC214D /* BeveragesUITests.xctest */,
			);
			name = Products;
			sourceTree = "<group>";
		};
		A0588B2726FB80D000EC214D /* Beverages */ = {
			isa = PBXGroup;
			children = (
				A0588B2826FB80D000EC214D /* AppDelegate.swift */,
				A0588B2A26FB80D000EC214D /* SceneDelegate.swift */,
				A040E1AB2709FC8E00A409DB /* Database */,
				A0588B5A26FB812D00EC214D /* Model. */,
				A0588B5926FB812A00EC214D /* View */,
				A0588B5826FB811D00EC214D /* Controller */,
				A0588B3126FB80D100EC214D /* Assets.xcassets */,
				A0588B3326FB80D100EC214D /* LaunchScreen.storyboard */,
				A0588B3626FB80D100EC214D /* Info.plist */,
				A053DCD926FE4A2200E434E6 /* tea.json */,
				A053DCDB26FE4A2C00E434E6 /* order.json */,
				A04B2DFE27075A6A00C47874 /* GoogleService-Info.plist */,
				A09F3D9D27036B220071D2DD /* Coffe.json */,
			);
			path = Beverages;
			sourceTree = "<group>";
		};
		A0588B3E26FB80D100EC214D /* BeveragesTests */ = {
			isa = PBXGroup;
			children = (
				A0588B3F26FB80D100EC214D /* BeveragesTests.swift */,
				A0588B4126FB80D100EC214D /* Info.plist */,
			);
			path = BeveragesTests;
			sourceTree = "<group>";
		};
		A0588B4926FB80D100EC214D /* BeveragesUITests */ = {
			isa = PBXGroup;
			children = (
				A0588B4A26FB80D100EC214D /* BeveragesUITests.swift */,
				A0588B4C26FB80D100EC214D /* Info.plist */,
			);
			path = BeveragesUITests;
			sourceTree = "<group>";
		};
		A0588B5826FB811D00EC214D /* Controller */ = {
			isa = PBXGroup;
			children = (
				A0588B2C26FB80D000EC214D /* MainViewController.swift */,
				A0588B5B26FB84AB00EC214D /* MenuViewController.swift */,
				A09F3D9B27036A660071D2DD /* OrderViewController.swift */,
				A04D43842711E6B60022E961 /* SignViewController.swift */,
				A04D438D2711EAE60022E961 /* LogViewController.swift */,
			);
			path = Controller;
			sourceTree = "<group>";
		};
		A0588B5926FB812A00EC214D /* View */ = {
			isa = PBXGroup;
			children = (
				A0588B2E26FB80D000EC214D /* Main.storyboard */,
			);
			path = View;
			sourceTree = "<group>";
		};
		A0588B5A26FB812D00EC214D /* Model. */ = {
			isa = PBXGroup;
			children = (
			);
			path = Model.;
			sourceTree = "<group>";
		};
		A0F0A01D270FF8A500A270D7 /* Frameworks */ = {
			isa = PBXGroup;
			children = (
			);
			name = Frameworks;
			sourceTree = "<group>";
		};
/* End PBXGroup section */

/* Begin PBXNativeTarget section */
		A0588B2426FB80D000EC214D /* Beverages */ = {
			isa = PBXNativeTarget;
			buildConfigurationList = A0588B4F26FB80D100EC214D /* Build configuration list for PBXNativeTarget "Beverages" */;
			buildPhases = (
				A0588B2126FB80D000EC214D /* Sources */,
				A0588B2226FB80D000EC214D /* Frameworks */,
				A0588B2326FB80D000EC214D /* Resources */,
			);
			buildRules = (
			);
			dependencies = (
			);
			name = Beverages;
			packageProductDependencies = (
				A034D12B26FDF2AE00A8E884 /* Lottie */,
				A0021EDA271097F0008F5886 /* JGProgressHUD */,
				A04D43872711E9570022E961 /* FirebaseAuth */,
				A04D43892711E9570022E961 /* FirebaseDatabase */,
				A04D438B2711E9570022E961 /* FirebaseAnalytics */,
			);
			productName = Beverages;
			productReference = A0588B2526FB80D000EC214D /* Beverages.app */;
			productType = "com.apple.product-type.application";
		};
		A0588B3A26FB80D100EC214D /* BeveragesTests */ = {
			isa = PBXNativeTarget;
			buildConfigurationList = A0588B5226FB80D100EC214D /* Build configuration list for PBXNativeTarget "BeveragesTests" */;
			buildPhases = (
				A0588B3726FB80D100EC214D /* Sources */,
				A0588B3826FB80D100EC214D /* Frameworks */,
				A0588B3926FB80D100EC214D /* Resources */,
			);
			buildRules = (
			);
			dependencies = (
				A0588B3D26FB80D100EC214D /* PBXTargetDependency */,
			);
			name = BeveragesTests;
			productName = BeveragesTests;
			productReference = A0588B3B26FB80D100EC214D /* BeveragesTests.xctest */;
			productType = "com.apple.product-type.bundle.unit-test";
		};
		A0588B4526FB80D100EC214D /* BeveragesUITests */ = {
			isa = PBXNativeTarget;
			buildConfigurationList = A0588B5526FB80D100EC214D /* Build configuration list for PBXNativeTarget "BeveragesUITests" */;
			buildPhases = (
				A0588B4226FB80D100EC214D /* Sources */,
				A0588B4326FB80D100EC214D /* Frameworks */,
				A0588B4426FB80D100EC214D /* Resources */,
			);
			buildRules = (
			);
			dependencies = (
				A0588B4826FB80D100EC214D /* PBXTargetDependency */,
			);
			name = BeveragesUITests;
			productName = BeveragesUITests;
			productReference = A0588B4626FB80D100EC214D /* BeveragesUITests.xctest */;
			productType = "com.apple.product-type.bundle.ui-testing";
		};
/* End PBXNativeTarget section */

/* Begin PBXProject section */
		A0588B1D26FB80D000EC214D /* Project object */ = {
			isa = PBXProject;
			attributes = {
				LastSwiftUpdateCheck = 1250;
				LastUpgradeCheck = 1250;
				TargetAttributes = {
					A0588B2426FB80D000EC214D = {
						CreatedOnToolsVersion = 12.5;
					};
					A0588B3A26FB80D100EC214D = {
						CreatedOnToolsVersion = 12.5;
						TestTargetID = A0588B2426FB80D000EC214D;
					};
					A0588B4526FB80D100EC214D = {
						CreatedOnToolsVersion = 12.5;
						TestTargetID = A0588B2426FB80D000EC214D;
					};
				};
			};
			buildConfigurationList = A0588B2026FB80D000EC214D /* Build configuration list for PBXProject "Beverages" */;
			compatibilityVersion = "Xcode 9.3";
			developmentRegion = en;
			hasScannedForEncodings = 0;
			knownRegions = (
				en,
				Base,
			);
			mainGroup = A0588B1C26FB80D000EC214D;
			packageReferences = (
				A034D12A26FDF2AE00A8E884 /* XCRemoteSwiftPackageReference "lottie-ios" */,
				A0021ED9271097F0008F5886 /* XCRemoteSwiftPackageReference "JGProgressHUD" */,
				A04D43862711E9570022E961 /* XCRemoteSwiftPackageReference "firebase-ios-sdk" */,
			);
			productRefGroup = A0588B2626FB80D000EC214D /* Products */;
			projectDirPath = "";
			projectRoot = "";
			targets = (
				A0588B2426FB80D000EC214D /* Beverages */,
				A0588B3A26FB80D100EC214D /* BeveragesTests */,
				A0588B4526FB80D100EC214D /* BeveragesUITests */,
			);
		};
/* End PBXProject section */

/* Begin PBXResourcesBuildPhase section */
		A0588B2326FB80D000EC214D /* Resources */ = {
			isa = PBXResourcesBuildPhase;
			buildActionMask = 2147483647;
			files = (
				A0588B3526FB80D100EC214D /* LaunchScreen.storyboard in Resources */,
				A0588B3226FB80D100EC214D /* Assets.xcassets in Resources */,
				A053DCDA26FE4A2200E434E6 /* tea.json in Resources */,
				A053DCDC26FE4A2C00E434E6 /* order.json in Resources */,
				A0588B3026FB80D000EC214D /* Main.storyboard in Resources */,
				A04B2DFF27075A6A00C47874 /* GoogleService-Info.plist in Resources */,
				A09F3D9E27036B230071D2DD /* Coffe.json in Resources */,
			);
			runOnlyForDeploymentPostprocessing = 0;
		};
		A0588B3926FB80D100EC214D /* Resources */ = {
			isa = PBXResourcesBuildPhase;
			buildActionMask = 2147483647;
			files = (
			);
			runOnlyForDeploymentPostprocessing = 0;
		};
		A0588B4426FB80D100EC214D /* Resources */ = {
			isa = PBXResourcesBuildPhase;
			buildActionMask = 2147483647;
			files = (
			);
			runOnlyForDeploymentPostprocessing = 0;
		};
/* End PBXResourcesBuildPhase section */

/* Begin PBXSourcesBuildPhase section */
		A0588B2126FB80D000EC214D /* Sources */ = {
			isa = PBXSourcesBuildPhase;
			buildActionMask = 2147483647;
			files = (
				A04D43852711E6B60022E961 /* SignViewController.swift in Sources */,
				A0588B2D26FB80D000EC214D /* MainViewController.swift in Sources */,
				A09F3D9C27036A660071D2DD /* OrderViewController.swift in Sources */,
				A04D438E2711EAE60022E961 /* LogViewController.swift in Sources */,
				A0588B2926FB80D000EC214D /* AppDelegate.swift in Sources */,
				A040E1AD2709FCA900A409DB /* DatabaseModel.swift in Sources */,
				A0588B2B26FB80D000EC214D /* SceneDelegate.swift in Sources */,
				A0588B5C26FB84AB00EC214D /* MenuViewController.swift in Sources */,
			);
			runOnlyForDeploymentPostprocessing = 0;
		};
		A0588B3726FB80D100EC214D /* Sources */ = {
			isa = PBXSourcesBuildPhase;
			buildActionMask = 2147483647;
			files = (
				A0588B4026FB80D100EC214D /* BeveragesTests.swift in Sources */,
			);
			runOnlyForDeploymentPostprocessing = 0;
		};
		A0588B4226FB80D100EC214D /* Sources */ = {
			isa = PBXSourcesBuildPhase;
			buildActionMask = 2147483647;
			files = (
				A0588B4B26FB80D100EC214D /* BeveragesUITests.swift in Sources */,
			);
			runOnlyForDeploymentPostprocessing = 0;
		};
/* End PBXSourcesBuildPhase section */

/* Begin PBXTargetDependency section */
		A0588B3D26FB80D100EC214D /* PBXTargetDependency */ = {
			isa = PBXTargetDependency;
			target = A0588B2426FB80D000EC214D /* Beverages */;
			targetProxy = A0588B3C26FB80D100EC214D /* PBXContainerItemProxy */;
		};
		A0588B4826FB80D100EC214D /* PBXTargetDependency */ = {
			isa = PBXTargetDependency;
			target = A0588B2426FB80D000EC214D /* Beverages */;
			targetProxy = A0588B4726FB80D100EC214D /* PBXContainerItemProxy */;
		};
/* End PBXTargetDependency section */

/* Begin PBXVariantGroup section */
		A0588B2E26FB80D000EC214D /* Main.storyboard */ = {
			isa = PBXVariantGroup;
			children = (
				A0588B2F26FB80D000EC214D /* Base */,
			);
			name = Main.storyboard;
			sourceTree = "<group>";
		};
		A0588B3326FB80D100EC214D /* LaunchScreen.storyboard */ = {
			isa = PBXVariantGroup;
			children = (
				A0588B3426FB80D100EC214D /* Base */,
			);
			name = LaunchScreen.storyboard;
			sourceTree = "<group>";
		};
/* End PBXVariantGroup section */

/* Begin XCBuildConfiguration section */
		A0588B4D26FB80D100EC214D /* Debug */ = {
			isa = XCBuildConfiguration;
			buildSettings = {
				ALWAYS_SEARCH_USER_PATHS = NO;
				CLANG_ANALYZER_NONNULL = YES;
				CLANG_ANALYZER_NUMBER_OBJECT_CONVERSION = YES_AGGRESSIVE;
				CLANG_CXX_LANGUAGE_STANDARD = "gnu++14";
				CLANG_CXX_LIBRARY = "libc++";
				CLANG_ENABLE_MODULES = YES;
				CLANG_ENABLE_OBJC_ARC = YES;
				CLANG_ENABLE_OBJC_WEAK = YES;
				CLANG_WARN_BLOCK_CAPTURE_AUTORELEASING = YES;
				CLANG_WARN_BOOL_CONVERSION = YES;
				CLANG_WARN_COMMA = YES;
				CLANG_WARN_CONSTANT_CONVERSION = YES;
				CLANG_WARN_DEPRECATED_OBJC_IMPLEMENTATIONS = YES;
				CLANG_WARN_DIRECT_OBJC_ISA_USAGE = YES_ERROR;
				CLANG_WARN_DOCUMENTATION_COMMENTS = YES;
				CLANG_WARN_EMPTY_BODY = YES;
				CLANG_WARN_ENUM_CONVERSION = YES;
				CLANG_WARN_INFINITE_RECURSION = YES;
				CLANG_WARN_INT_CONVERSION = YES;
				CLANG_WARN_NON_LITERAL_NULL_CONVERSION = YES;
				CLANG_WARN_OBJC_IMPLICIT_RETAIN_SELF = YES;
				CLANG_WARN_OBJC_LITERAL_CONVERSION = YES;
				CLANG_WARN_OBJC_ROOT_CLASS = YES_ERROR;
				CLANG_WARN_QUOTED_INCLUDE_IN_FRAMEWORK_HEADER = YES;
				CLANG_WARN_RANGE_LOOP_ANALYSIS = YES;
				CLANG_WARN_STRICT_PROTOTYPES = YES;
				CLANG_WARN_SUSPICIOUS_MOVE = YES;
				CLANG_WARN_UNGUARDED_AVAILABILITY = YES_AGGRESSIVE;
				CLANG_WARN_UNREACHABLE_CODE = YES;
				CLANG_WARN__DUPLICATE_METHOD_MATCH = YES;
				COPY_PHASE_STRIP = NO;
				DEBUG_INFORMATION_FORMAT = dwarf;
				ENABLE_STRICT_OBJC_MSGSEND = YES;
				ENABLE_TESTABILITY = YES;
				GCC_C_LANGUAGE_STANDARD = gnu11;
				GCC_DYNAMIC_NO_PIC = NO;
				GCC_NO_COMMON_BLOCKS = YES;
				GCC_OPTIMIZATION_LEVEL = 0;
				GCC_PREPROCESSOR_DEFINITIONS = (
					"DEBUG=1",
					"$(inherited)",
				);
				GCC_WARN_64_TO_32_BIT_CONVERSION = YES;
				GCC_WARN_ABOUT_RETURN_TYPE = YES_ERROR;
				GCC_WARN_UNDECLARED_SELECTOR = YES;
				GCC_WARN_UNINITIALIZED_AUTOS = YES_AGGRESSIVE;
				GCC_WARN_UNUSED_FUNCTION = YES;
				GCC_WARN_UNUSED_VARIABLE = YES;
				IPHONEOS_DEPLOYMENT_TARGET = 14.5;
				MTL_ENABLE_DEBUG_INFO = INCLUDE_SOURCE;
				MTL_FAST_MATH = YES;
				ONLY_ACTIVE_ARCH = YES;
				SDKROOT = iphoneos;
				SWIFT_ACTIVE_COMPILATION_CONDITIONS = DEBUG;
				SWIFT_OPTIMIZATION_LEVEL = "-Onone";
			};
			name = Debug;
		};
		A0588B4E26FB80D100EC214D /* Release */ = {
			isa = XCBuildConfiguration;
			buildSettings = {
				ALWAYS_SEARCH_USER_PATHS = NO;
				CLANG_ANALYZER_NONNULL = YES;
				CLANG_ANALYZER_NUMBER_OBJECT_CONVERSION = YES_AGGRESSIVE;
				CLANG_CXX_LANGUAGE_STANDARD = "gnu++14";
				CLANG_CXX_LIBRARY = "libc++";
				CLANG_ENABLE_MODULES = YES;
				CLANG_ENABLE_OBJC_ARC = YES;
				CLANG_ENABLE_OBJC_WEAK = YES;
				CLANG_WARN_BLOCK_CAPTURE_AUTORELEASING = YES;
				CLANG_WARN_BOOL_CONVERSION = YES;
				CLANG_WARN_COMMA = YES;
				CLANG_WARN_CONSTANT_CONVERSION = YES;
				CLANG_WARN_DEPRECATED_OBJC_IMPLEMENTATIONS = YES;
				CLANG_WARN_DIRECT_OBJC_ISA_USAGE = YES_ERROR;
				CLANG_WARN_DOCUMENTATION_COMMENTS = YES;
				CLANG_WARN_EMPTY_BODY = YES;
				CLANG_WARN_ENUM_CONVERSION = YES;
				CLANG_WARN_INFINITE_RECURSION = YES;
				CLANG_WARN_INT_CONVERSION = YES;
				CLANG_WARN_NON_LITERAL_NULL_CONVERSION = YES;
				CLANG_WARN_OBJC_IMPLICIT_RETAIN_SELF = YES;
				CLANG_WARN_OBJC_LITERAL_CONVERSION = YES;
				CLANG_WARN_OBJC_ROOT_CLASS = YES_ERROR;
				CLANG_WARN_QUOTED_INCLUDE_IN_FRAMEWORK_HEADER = YES;
				CLANG_WARN_RANGE_LOOP_ANALYSIS = YES;
				CLANG_WARN_STRICT_PROTOTYPES = YES;
				CLANG_WARN_SUSPICIOUS_MOVE = YES;
				CLANG_WARN_UNGUARDED_AVAILABILITY = YES_AGGRESSIVE;
				CLANG_WARN_UNREACHABLE_CODE = YES;
				CLANG_WARN__DUPLICATE_METHOD_MATCH = YES;
				COPY_PHASE_STRIP = NO;
				DEBUG_INFORMATION_FORMAT = "dwarf-with-dsym";
				ENABLE_NS_ASSERTIONS = NO;
				ENABLE_STRICT_OBJC_MSGSEND = YES;
				GCC_C_LANGUAGE_STANDARD = gnu11;
				GCC_NO_COMMON_BLOCKS = YES;
				GCC_WARN_64_TO_32_BIT_CONVERSION = YES;
				GCC_WARN_ABOUT_RETURN_TYPE = YES_ERROR;
				GCC_WARN_UNDECLARED_SELECTOR = YES;
				GCC_WARN_UNINITIALIZED_AUTOS = YES_AGGRESSIVE;
				GCC_WARN_UNUSED_FUNCTION = YES;
				GCC_WARN_UNUSED_VARIABLE = YES;
				IPHONEOS_DEPLOYMENT_TARGET = 14.5;
				MTL_ENABLE_DEBUG_INFO = NO;
				MTL_FAST_MATH = YES;
				SDKROOT = iphoneos;
				SWIFT_COMPILATION_MODE = wholemodule;
				SWIFT_OPTIMIZATION_LEVEL = "-O";
				VALIDATE_PRODUCT = YES;
			};
			name = Release;
		};
		A0588B5026FB80D100EC214D /* Debug */ = {
			isa = XCBuildConfiguration;
			buildSettings = {
				ASSETCATALOG_COMPILER_APPICON_NAME = AppIcon;
				ASSETCATALOG_COMPILER_GLOBAL_ACCENT_COLOR_NAME = AccentColor;
				CODE_SIGN_STYLE = Automatic;
				DEVELOPMENT_TEAM = 6B28Q8AFPX;
				INFOPLIST_FILE = Beverages/Info.plist;
				LD_RUNPATH_SEARCH_PATHS = (
					"$(inherited)",
					"@executable_path/Frameworks",
				);
				PRODUCT_BUNDLE_IDENTIFIER = COM.SANKALP.Beverages;
				PRODUCT_NAME = "$(TARGET_NAME)";
				SWIFT_VERSION = 5.0;
				TARGETED_DEVICE_FAMILY = "1,2";
			};
			name = Debug;
		};
		A0588B5126FB80D100EC214D /* Release */ = {
			isa = XCBuildConfiguration;
			buildSettings = {
				ASSETCATALOG_COMPILER_APPICON_NAME = AppIcon;
				ASSETCATALOG_COMPILER_GLOBAL_ACCENT_COLOR_NAME = AccentColor;
				CODE_SIGN_STYLE = Automatic;
				DEVELOPMENT_TEAM = 6B28Q8AFPX;
				INFOPLIST_FILE = Beverages/Info.plist;
				LD_RUNPATH_SEARCH_PATHS = (
					"$(inherited)",
					"@executable_path/Frameworks",
				);
				PRODUCT_BUNDLE_IDENTIFIER = COM.SANKALP.Beverages;
				PRODUCT_NAME = "$(TARGET_NAME)";
				SWIFT_VERSION = 5.0;
				TARGETED_DEVICE_FAMILY = "1,2";
			};
			name = Release;
		};
		A0588B5326FB80D100EC214D /* Debug */ = {
			isa = XCBuildConfiguration;
			buildSettings = {
				ALWAYS_EMBED_SWIFT_STANDARD_LIBRARIES = YES;
				BUNDLE_LOADER = "$(TEST_HOST)";
				CODE_SIGN_STYLE = Automatic;
				DEVELOPMENT_TEAM = 6B28Q8AFPX;
				INFOPLIST_FILE = BeveragesTests/Info.plist;
				IPHONEOS_DEPLOYMENT_TARGET = 14.5;
				LD_RUNPATH_SEARCH_PATHS = (
					"$(inherited)",
					"@executable_path/Frameworks",
					"@loader_path/Frameworks",
				);
				PRODUCT_BUNDLE_IDENTIFIER = COM.SANKALP.BeveragesTests;
				PRODUCT_NAME = "$(TARGET_NAME)";
				SWIFT_VERSION = 5.0;
				TARGETED_DEVICE_FAMILY = "1,2";
				TEST_HOST = "$(BUILT_PRODUCTS_DIR)/Beverages.app/Beverages";
			};
			name = Debug;
		};
		A0588B5426FB80D100EC214D /* Release */ = {
			isa = XCBuildConfiguration;
			buildSettings = {
				ALWAYS_EMBED_SWIFT_STANDARD_LIBRARIES = YES;
				BUNDLE_LOADER = "$(TEST_HOST)";
				CODE_SIGN_STYLE = Automatic;
				DEVELOPMENT_TEAM = 6B28Q8AFPX;
				INFOPLIST_FILE = BeveragesTests/Info.plist;
				IPHONEOS_DEPLOYMENT_TARGET = 14.5;
				LD_RUNPATH_SEARCH_PATHS = (
					"$(inherited)",
					"@executable_path/Frameworks",
					"@loader_path/Frameworks",
				);
				PRODUCT_BUNDLE_IDENTIFIER = COM.SANKALP.BeveragesTests;
				PRODUCT_NAME = "$(TARGET_NAME)";
				SWIFT_VERSION = 5.0;
				TARGETED_DEVICE_FAMILY = "1,2";
				TEST_HOST = "$(BUILT_PRODUCTS_DIR)/Beverages.app/Beverages";
			};
			name = Release;
		};
		A0588B5626FB80D100EC214D /* Debug */ = {
			isa = XCBuildConfiguration;
			buildSettings = {
				ALWAYS_EMBED_SWIFT_STANDARD_LIBRARIES = YES;
				CODE_SIGN_STYLE = Automatic;
				DEVELOPMENT_TEAM = 6B28Q8AFPX;
				INFOPLIST_FILE = BeveragesUITests/Info.plist;
				LD_RUNPATH_SEARCH_PATHS = (
					"$(inherited)",
					"@executable_path/Frameworks",
					"@loader_path/Frameworks",
				);
				PRODUCT_BUNDLE_IDENTIFIER = COM.SANKALP.BeveragesUITests;
				PRODUCT_NAME = "$(TARGET_NAME)";
				SWIFT_VERSION = 5.0;
				TARGETED_DEVICE_FAMILY = "1,2";
				TEST_TARGET_NAME = Beverages;
			};
			name = Debug;
		};
		A0588B5726FB80D100EC214D /* Release */ = {
			isa = XCBuildConfiguration;
			buildSettings = {
				ALWAYS_EMBED_SWIFT_STANDARD_LIBRARIES = YES;
				CODE_SIGN_STYLE = Automatic;
				DEVELOPMENT_TEAM = 6B28Q8AFPX;
				INFOPLIST_FILE = BeveragesUITests/Info.plist;
				LD_RUNPATH_SEARCH_PATHS = (
					"$(inherited)",
					"@executable_path/Frameworks",
					"@loader_path/Frameworks",
				);
				PRODUCT_BUNDLE_IDENTIFIER = COM.SANKALP.BeveragesUITests;
				PRODUCT_NAME = "$(TARGET_NAME)";
				SWIFT_VERSION = 5.0;
				TARGETED_DEVICE_FAMILY = "1,2";
				TEST_TARGET_NAME = Beverages;
			};
			name = Release;
		};
/* End XCBuildConfiguration section */

/* Begin XCConfigurationList section */
		A0588B2026FB80D000EC214D /* Build configuration list for PBXProject "Beverages" */ = {
			isa = XCConfigurationList;
			buildConfigurations = (
				A0588B4D26FB80D100EC214D /* Debug */,
				A0588B4E26FB80D100EC214D /* Release */,
			);
			defaultConfigurationIsVisible = 0;
			defaultConfigurationName = Release;
		};
		A0588B4F26FB80D100EC214D /* Build configuration list for PBXNativeTarget "Beverages" */ = {
			isa = XCConfigurationList;
			buildConfigurations = (
				A0588B5026FB80D100EC214D /* Debug */,
				A0588B5126FB80D100EC214D /* Release */,
			);
			defaultConfigurationIsVisible = 0;
			defaultConfigurationName = Release;
		};
		A0588B5226FB80D100EC214D /* Build configuration list for PBXNativeTarget "BeveragesTests" */ = {
			isa = XCConfigurationList;
			buildConfigurations = (
				A0588B5326FB80D100EC214D /* Debug */,
				A0588B5426FB80D100EC214D /* Release */,
			);
			defaultConfigurationIsVisible = 0;
			defaultConfigurationName = Release;
		};
		A0588B5526FB80D100EC214D /* Build configuration list for PBXNativeTarget "BeveragesUITests" */ = {
			isa = XCConfigurationList;
			buildConfigurations = (
				A0588B5626FB80D100EC214D /* Debug */,
				A0588B5726FB80D100EC214D /* Release */,
			);
			defaultConfigurationIsVisible = 0;
			defaultConfigurationName = Release;
		};
/* End XCConfigurationList section */

/* Begin XCRemoteSwiftPackageReference section */
		A0021ED9271097F0008F5886 /* XCRemoteSwiftPackageReference "JGProgressHUD" */ = {
			isa = XCRemoteSwiftPackageReference;
			repositoryURL = "https://github.com/JonasGessner/JGProgressHUD.git";
			requirement = {
				kind = upToNextMajorVersion;
				minimumVersion = 2.2.0;
			};
		};
		A034D12A26FDF2AE00A8E884 /* XCRemoteSwiftPackageReference "lottie-ios" */ = {
			isa = XCRemoteSwiftPackageReference;
			repositoryURL = "https://github.com/airbnb/lottie-ios.git";
			requirement = {
				kind = upToNextMajorVersion;
				minimumVersion = 3.2.3;
			};
		};
		A04D43862711E9570022E961 /* XCRemoteSwiftPackageReference "firebase-ios-sdk" */ = {
			isa = XCRemoteSwiftPackageReference;
			repositoryURL = "https://github.com/firebase/firebase-ios-sdk.git";
			requirement = {
				kind = upToNextMajorVersion;
				minimumVersion = 8.8.1;
			};
		};
/* End XCRemoteSwiftPackageReference section */

/* Begin XCSwiftPackageProductDependency section */
		A0021EDA271097F0008F5886 /* JGProgressHUD */ = {
			isa = XCSwiftPackageProductDependency;
			package = A0021ED9271097F0008F5886 /* XCRemoteSwiftPackageReference "JGProgressHUD" */;
			productName = JGProgressHUD;
		};
		A034D12B26FDF2AE00A8E884 /* Lottie */ = {
			isa = XCSwiftPackageProductDependency;
			package = A034D12A26FDF2AE00A8E884 /* XCRemoteSwiftPackageReference "lottie-ios" */;
			productName = Lottie;
		};
		A04D43872711E9570022E961 /* FirebaseAuth */ = {
			isa = XCSwiftPackageProductDependency;
			package = A04D43862711E9570022E961 /* XCRemoteSwiftPackageReference "firebase-ios-sdk" */;
			productName = FirebaseAuth;
		};
		A04D43892711E9570022E961 /* FirebaseDatabase */ = {
			isa = XCSwiftPackageProductDependency;
			package = A04D43862711E9570022E961 /* XCRemoteSwiftPackageReference "firebase-ios-sdk" */;
			productName = FirebaseDatabase;
		};
		A04D438B2711E9570022E961 /* FirebaseAnalytics */ = {
			isa = XCSwiftPackageProductDependency;
			package = A04D43862711E9570022E961 /* XCRemoteSwiftPackageReference "firebase-ios-sdk" */;
			productName = FirebaseAnalytics;
		};
/* End XCSwiftPackageProductDependency section */
	};
	rootObject = A0588B1D26FB80D000EC214D /* Project object */;
}
